
Microsoft Visual Studio Solution File, Format Version 12.00
# Visual Studio Version 17
VisualStudioVersion = 17.7.34018.315
MinimumVisualStudioVersion = 10.0.40219.1
Project("{FAE04EC0-301F-11D3-BF4B-00C04F79EFBC}") = "pleer", "pleer\pleer.csproj", "{C6B09BCD-D5C7-4CAC-8ED5-84A18B6E0067}"
EndProject
Global
	GlobalSection(SolutionConfigurationPlatforms) = preSolution
		Debug|Any CPU = Debug|Any CPU
		Release|Any CPU = Release|Any CPU
	EndGlobalSection
	GlobalSection(ProjectConfigurationPlatforms) = postSolution
		{C6B09BCD-D5C7-4CAC-8ED5-84A18B6E0067}.Debug|Any CPU.ActiveCfg = Debug|Any CPU
		{C6B09BCD-D5C7-4CAC-8ED5-84A18B6E0067}.Debug|Any CPU.Build.0 = Debug|Any CPU
		{C6B09BCD-D5C7-4CAC-8ED5-84A18B6E0067}.Release|Any CPU.ActiveCfg = Release|Any CPU
		{C6B09BCD-D5C7-4CAC-8ED5-84A18B6E0067}.Release|Any CPU.Build.0 = Release|Any CPU
	EndGlobalSection
	GlobalSection(SolutionProperties) = preSolution
		HideSolutionNode = FALSE
	EndGlobalSection
	GlobalSection(ExtensibilityGlobals) = postSolution
		SolutionGuid = {F2216F6C-E5AC-4203-A6C5-87BD80CD84B2}
	EndGlobalSection
EndGlobal
